
Microsoft Visual Studio Solution File, Format Version 12.00
# Visual Studio 15
VisualStudioVersion = 15.0.27703.2018
MinimumVisualStudioVersion = 10.0.40219.1
Project("{9A19103F-16F7-4668-BE54-9A1E7A4F7556}") = "ConnectionTest", "ConnectionTest\ConnectionTest.csproj", "{20FF9B48-B87E-4A11-A437-6E4B130E6EA0}"
EndProject
Global
	GlobalSection(SolutionConfigurationPlatforms) = preSolution
		Debug|Any CPU = Debug|Any CPU
		Release|Any CPU = Release|Any CPU
	EndGlobalSection
	GlobalSection(ProjectConfigurationPlatforms) = postSolution
		{20FF9B48-B87E-4A11-A437-6E4B130E6EA0}.Debug|Any CPU.ActiveCfg = Debug|Any CPU
		{20FF9B48-B87E-4A11-A437-6E4B130E6EA0}.Debug|Any CPU.Build.0 = Debug|Any CPU
		{20FF9B48-B87E-4A11-A437-6E4B130E6EA0}.Release|Any CPU.ActiveCfg = Release|Any CPU
		{20FF9B48-B87E-4A11-A437-6E4B130E6EA0}.Release|Any CPU.Build.0 = Release|Any CPU
	EndGlobalSection
	GlobalSection(SolutionProperties) = preSolution
		HideSolutionNode = FALSE
	EndGlobalSection
	GlobalSection(ExtensibilityGlobals) = postSolution
		SolutionGuid = {31AB1569-85B7-4A80-A1CC-32AF4F1A1109}
	EndGlobalSection
EndGlobal
